// !$*UTF8*$!
{
	archiveVersion = 1;
	classes = {
	};
	objectVersion = 56;
	objects = {

/* Begin PBXBuildFile section */
		DD3EAAEB2978830A0077C29A /* ProfileEditor.swift in Sources */ = {isa = PBXBuildFile; fileRef = DD3EAAEA2978830A0077C29A /* ProfileEditor.swift */; };
		DD3EAAED297920850077C29A /* PageViewController.swift in Sources */ = {isa = PBXBuildFile; fileRef = DD3EAAEC297920850077C29A /* PageViewController.swift */; };
		DD3EAAEF2979231C0077C29A /* FeatureCard.swift in Sources */ = {isa = PBXBuildFile; fileRef = DD3EAAEE2979231C0077C29A /* FeatureCard.swift */; };
		DD3EAAF1297925CE0077C29A /* PageView.swift in Sources */ = {isa = PBXBuildFile; fileRef = DD3EAAF0297925CE0077C29A /* PageView.swift */; };
		DD4B4CDC295B48CA00A5D31D /* LandmarksApp.swift in Sources */ = {isa = PBXBuildFile; fileRef = DD4B4CDB295B48CA00A5D31D /* LandmarksApp.swift */; };
		DD4B4CDE295B48CA00A5D31D /* ContentView.swift in Sources */ = {isa = PBXBuildFile; fileRef = DD4B4CDD295B48CA00A5D31D /* ContentView.swift */; };
		DD4B4CE0295B48CB00A5D31D /* Assets.xcassets in Resources */ = {isa = PBXBuildFile; fileRef = DD4B4CDF295B48CB00A5D31D /* Assets.xcassets */; };
		DD4B4CE4295B48CB00A5D31D /* Preview Assets.xcassets in Resources */ = {isa = PBXBuildFile; fileRef = DD4B4CE3295B48CB00A5D31D /* Preview Assets.xcassets */; };
		DD4B4D07295B518700A5D31D /* CircleImage.swift in Sources */ = {isa = PBXBuildFile; fileRef = DD4B4D06295B518700A5D31D /* CircleImage.swift */; };
		DD4B4D09295B540900A5D31D /* MapView.swift in Sources */ = {isa = PBXBuildFile; fileRef = DD4B4D08295B540900A5D31D /* MapView.swift */; };
		DD4B4D0B295B6F9000A5D31D /* landmarkData.json in Resources */ = {isa = PBXBuildFile; fileRef = DD4B4D0A295B6F9000A5D31D /* landmarkData.json */; };
		DD4B4D0D295B6FB700A5D31D /* Landmark.swift in Sources */ = {isa = PBXBuildFile; fileRef = DD4B4D0C295B6FB700A5D31D /* Landmark.swift */; };
		DD4B4D0F295B80D200A5D31D /* Model_Data.swift in Sources */ = {isa = PBXBuildFile; fileRef = DD4B4D0E295B80D200A5D31D /* Model_Data.swift */; };
		DD4B4D14295E8E4A00A5D31D /* LandmarkRow.swift in Sources */ = {isa = PBXBuildFile; fileRef = DD4B4D13295E8E4A00A5D31D /* LandmarkRow.swift */; };
		DD4B4D16295E91FF00A5D31D /* LandmarkList.swift in Sources */ = {isa = PBXBuildFile; fileRef = DD4B4D15295E91FF00A5D31D /* LandmarkList.swift */; };
		DD4B4D18295E936C00A5D31D /* LandmarkDetail.swift in Sources */ = {isa = PBXBuildFile; fileRef = DD4B4D17295E936C00A5D31D /* LandmarkDetail.swift */; };
		DD4D2CED2967752D0027B6BF /* FavoriteButton.swift in Sources */ = {isa = PBXBuildFile; fileRef = DD4D2CEC2967752D0027B6BF /* FavoriteButton.swift */; };
		DD4D2CF129699D530027B6BF /* HexagonParameters.swift in Sources */ = {isa = PBXBuildFile; fileRef = DD4D2CF029699D530027B6BF /* HexagonParameters.swift */; };
		DD4D2CF32969A0700027B6BF /* BadgeBackgroung.swift in Sources */ = {isa = PBXBuildFile; fileRef = DD4D2CF22969A0700027B6BF /* BadgeBackgroung.swift */; };
		DD4D2CF52969A8E80027B6BF /* BadgeSymbol.swift in Sources */ = {isa = PBXBuildFile; fileRef = DD4D2CF42969A8E80027B6BF /* BadgeSymbol.swift */; };
		DD4D2CF72969A9FF0027B6BF /* RotatedBadgeSymbol.swift in Sources */ = {isa = PBXBuildFile; fileRef = DD4D2CF62969A9FF0027B6BF /* RotatedBadgeSymbol.swift */; };
		DD4D2CF92969AA7A0027B6BF /* Badge.swift in Sources */ = {isa = PBXBuildFile; fileRef = DD4D2CF82969AA7A0027B6BF /* Badge.swift */; };
		DD4D2CFC2969DA660027B6BF /* hikeData.json in Resources */ = {isa = PBXBuildFile; fileRef = DD4D2CFB2969DA660027B6BF /* hikeData.json */; };
		DD4D2CFF2969DA910027B6BF /* Hike.swift in Sources */ = {isa = PBXBuildFile; fileRef = DD4D2CFE2969DA910027B6BF /* Hike.swift */; };
		DD7E96932977C5B700F152BD /* CategoryHome.swift in Sources */ = {isa = PBXBuildFile; fileRef = DD7E96922977C5B700F152BD /* CategoryHome.swift */; };
		DD7E96952977C78A00F152BD /* CategoryRow.swift in Sources */ = {isa = PBXBuildFile; fileRef = DD7E96942977C78A00F152BD /* CategoryRow.swift */; };
		DD7E96972977CA7D00F152BD /* CategoryItem.swift in Sources */ = {isa = PBXBuildFile; fileRef = DD7E96962977CA7D00F152BD /* CategoryItem.swift */; };
		DD7E969B29787DBA00F152BD /* Profile.swift in Sources */ = {isa = PBXBuildFile; fileRef = DD7E969A29787DBA00F152BD /* Profile.swift */; };
		DD7E969D29787F3700F152BD /* ProfileHost.swift in Sources */ = {isa = PBXBuildFile; fileRef = DD7E969C29787F3700F152BD /* ProfileHost.swift */; };
		DD7E96A129787F7C00F152BD /* ProfileSummary.swift in Sources */ = {isa = PBXBuildFile; fileRef = DD7E96A029787F7C00F152BD /* ProfileSummary.swift */; };
		DD7E96A3297880AC00F152BD /* HikeBadge.swift in Sources */ = {isa = PBXBuildFile; fileRef = DD7E96A2297880AC00F152BD /* HikeBadge.swift */; };
		DD976D1E298FDA6B00D233D8 /* InfoForCalendar.swift in Sources */ = {isa = PBXBuildFile; fileRef = DD976D1D298FDA6B00D233D8 /* InfoForCalendar.swift */; };
		DDFE631529792DA400000509 /* PageControl.swift in Sources */ = {isa = PBXBuildFile; fileRef = DDFE631429792DA400000509 /* PageControl.swift */; };
		DDFE639B2979326F00000509 /* Watch_LandmarksApp.swift in Sources */ = {isa = PBXBuildFile; fileRef = DDFE639A2979326F00000509 /* Watch_LandmarksApp.swift */; };
		DDFE639F2979327000000509 /* Assets.xcassets in Resources */ = {isa = PBXBuildFile; fileRef = DDFE639E2979327000000509 /* Assets.xcassets */; };
		DDFE63A22979327000000509 /* Preview Assets.xcassets in Resources */ = {isa = PBXBuildFile; fileRef = DDFE63A12979327000000509 /* Preview Assets.xcassets */; };
		DDFE63BB2979327100000509 /* Watch Landmarks Watch App.app in Embed Watch Content */ = {isa = PBXBuildFile; fileRef = DDFE63982979326F00000509 /* Watch Landmarks Watch App.app */; settings = {ATTRIBUTES = (RemoveHeadersOnCopy, ); }; };
		DDFE63E4297934D500000509 /* LandmarkDetail.swift in Sources */ = {isa = PBXBuildFile; fileRef = DDFE63E3297934D500000509 /* LandmarkDetail.swift */; };
		DDFE63F6297937B300000509 /* GraphCapsule.swift in Sources */ = {isa = PBXBuildFile; fileRef = DDFE63F2297937B300000509 /* GraphCapsule.swift */; };
		DDFE63F7297937B300000509 /* HikeGraph.swift in Sources */ = {isa = PBXBuildFile; fileRef = DDFE63F3297937B300000509 /* HikeGraph.swift */; };
		DDFE63F8297937B300000509 /* HikeView.swift in Sources */ = {isa = PBXBuildFile; fileRef = DDFE63F4297937B300000509 /* HikeView.swift */; };
		DDFE63F9297937B300000509 /* HikeDetail.swift in Sources */ = {isa = PBXBuildFile; fileRef = DDFE63F5297937B300000509 /* HikeDetail.swift */; };
		DDFE63FA2979387000000509 /* MapView.swift in Sources */ = {isa = PBXBuildFile; fileRef = DD4B4D08295B540900A5D31D /* MapView.swift */; };
		DDFE63FB2979387000000509 /* Model_Data.swift in Sources */ = {isa = PBXBuildFile; fileRef = DD4B4D0E295B80D200A5D31D /* Model_Data.swift */; };
		DDFE63FC2979387000000509 /* hikeData.json in Resources */ = {isa = PBXBuildFile; fileRef = DD4D2CFB2969DA660027B6BF /* hikeData.json */; };
		DDFE63FD2979387000000509 /* Assets.xcassets in Resources */ = {isa = PBXBuildFile; fileRef = DD4B4CDF295B48CB00A5D31D /* Assets.xcassets */; };
		DDFE63FE2979387000000509 /* Landmark.swift in Sources */ = {isa = PBXBuildFile; fileRef = DD4B4D0C295B6FB700A5D31D /* Landmark.swift */; };
		DDFE63FF2979387000000509 /* LandmarksApp.swift in Sources */ = {isa = PBXBuildFile; fileRef = DD4B4CDB295B48CA00A5D31D /* LandmarksApp.swift */; };
		DDFE64002979387000000509 /* Profile.swift in Sources */ = {isa = PBXBuildFile; fileRef = DD7E969A29787DBA00F152BD /* Profile.swift */; };
		DDFE64012979387000000509 /* CircleImage.swift in Sources */ = {isa = PBXBuildFile; fileRef = DD4B4D06295B518700A5D31D /* CircleImage.swift */; };
		DDFE64022979387000000509 /* LandmarkRow.swift in Sources */ = {isa = PBXBuildFile; fileRef = DD4B4D13295E8E4A00A5D31D /* LandmarkRow.swift */; };
		DDFE64032979387000000509 /* Hike.swift in Sources */ = {isa = PBXBuildFile; fileRef = DD4D2CFE2969DA910027B6BF /* Hike.swift */; };
		DDFE64042979387000000509 /* landmarkData.json in Resources */ = {isa = PBXBuildFile; fileRef = DD4B4D0A295B6F9000A5D31D /* landmarkData.json */; };
		DDFE64052979387000000509 /* LandmarkList.swift in Sources */ = {isa = PBXBuildFile; fileRef = DD4B4D15295E91FF00A5D31D /* LandmarkList.swift */; };
		DDFE640729793A6A00000509 /* ContentView.swift in Sources */ = {isa = PBXBuildFile; fileRef = DDFE640629793A6A00000509 /* ContentView.swift */; };
		DDFE640929793D2100000509 /* NorificationView.swift in Sources */ = {isa = PBXBuildFile; fileRef = DDFE640829793D2100000509 /* NorificationView.swift */; };
		DDFE640B29793D7B00000509 /* NotificationController.swift in Sources */ = {isa = PBXBuildFile; fileRef = DDFE640A29793D7B00000509 /* NotificationController.swift */; };
/* End PBXBuildFile section */

/* Begin PBXContainerItemProxy section */
		DDFE63B92979327100000509 /* PBXContainerItemProxy */ = {
			isa = PBXContainerItemProxy;
			containerPortal = DD4B4CD0295B48CA00A5D31D /* Project object */;
			proxyType = 1;
			remoteGlobalIDString = DDFE63972979326F00000509;
			remoteInfo = "Watch Landmarks Watch App";
		};
/* End PBXContainerItemProxy section */

/* Begin PBXCopyFilesBuildPhase section */
		DDFE63BF2979327100000509 /* Embed Watch Content */ = {
			isa = PBXCopyFilesBuildPhase;
			buildActionMask = 2147483647;
			dstPath = "$(CONTENTS_FOLDER_PATH)/Watch";
			dstSubfolderSpec = 16;
			files = (
				DDFE63BB2979327100000509 /* Watch Landmarks Watch App.app in Embed Watch Content */,
			);
			name = "Embed Watch Content";
			runOnlyForDeploymentPostprocessing = 0;
		};
		DDFE63D7297932B900000509 /* Embed ExtensionKit Extensions */ = {
			isa = PBXCopyFilesBuildPhase;
			buildActionMask = 2147483647;
			dstPath = "$(EXTENSIONS_FOLDER_PATH)";
			dstSubfolderSpec = 16;
			files = (
			);
			name = "Embed ExtensionKit Extensions";
			runOnlyForDeploymentPostprocessing = 0;
		};
/* End PBXCopyFilesBuildPhase section */

/* Begin PBXFileReference section */
		DD3EAAEA2978830A0077C29A /* ProfileEditor.swift */ = {isa = PBXFileReference; lastKnownFileType = sourcecode.swift; path = ProfileEditor.swift; sourceTree = "<group>"; };
		DD3EAAEC297920850077C29A /* PageViewController.swift */ = {isa = PBXFileReference; lastKnownFileType = sourcecode.swift; path = PageViewController.swift; sourceTree = "<group>"; };
		DD3EAAEE2979231C0077C29A /* FeatureCard.swift */ = {isa = PBXFileReference; lastKnownFileType = sourcecode.swift; path = FeatureCard.swift; sourceTree = "<group>"; };
		DD3EAAF0297925CE0077C29A /* PageView.swift */ = {isa = PBXFileReference; lastKnownFileType = sourcecode.swift; path = PageView.swift; sourceTree = "<group>"; };
		DD4B4CD8295B48CA00A5D31D /* Landmarks.app */ = {isa = PBXFileReference; explicitFileType = wrapper.application; includeInIndex = 0; path = Landmarks.app; sourceTree = BUILT_PRODUCTS_DIR; };
		DD4B4CDB295B48CA00A5D31D /* LandmarksApp.swift */ = {isa = PBXFileReference; lastKnownFileType = sourcecode.swift; path = LandmarksApp.swift; sourceTree = "<group>"; };
		DD4B4CDD295B48CA00A5D31D /* ContentView.swift */ = {isa = PBXFileReference; lastKnownFileType = sourcecode.swift; path = ContentView.swift; sourceTree = "<group>"; };
		DD4B4CDF295B48CB00A5D31D /* Assets.xcassets */ = {isa = PBXFileReference; lastKnownFileType = folder.assetcatalog; path = Assets.xcassets; sourceTree = "<group>"; };
		DD4B4CE1295B48CB00A5D31D /* Landmarks.entitlements */ = {isa = PBXFileReference; lastKnownFileType = text.plist.entitlements; path = Landmarks.entitlements; sourceTree = "<group>"; };
		DD4B4CE3295B48CB00A5D31D /* Preview Assets.xcassets */ = {isa = PBXFileReference; lastKnownFileType = folder.assetcatalog; path = "Preview Assets.xcassets"; sourceTree = "<group>"; };
		DD4B4D06295B518700A5D31D /* CircleImage.swift */ = {isa = PBXFileReference; lastKnownFileType = sourcecode.swift; path = CircleImage.swift; sourceTree = "<group>"; };
		DD4B4D08295B540900A5D31D /* MapView.swift */ = {isa = PBXFileReference; lastKnownFileType = sourcecode.swift; path = MapView.swift; sourceTree = "<group>"; };
		DD4B4D0A295B6F9000A5D31D /* landmarkData.json */ = {isa = PBXFileReference; fileEncoding = 4; lastKnownFileType = text.json; path = landmarkData.json; sourceTree = "<group>"; };
		DD4B4D0C295B6FB700A5D31D /* Landmark.swift */ = {isa = PBXFileReference; lastKnownFileType = sourcecode.swift; path = Landmark.swift; sourceTree = "<group>"; };
		DD4B4D0E295B80D200A5D31D /* Model_Data.swift */ = {isa = PBXFileReference; lastKnownFileType = sourcecode.swift; path = Model_Data.swift; sourceTree = "<group>"; };
		DD4B4D13295E8E4A00A5D31D /* LandmarkRow.swift */ = {isa = PBXFileReference; lastKnownFileType = sourcecode.swift; path = LandmarkRow.swift; sourceTree = "<group>"; };
		DD4B4D15295E91FF00A5D31D /* LandmarkList.swift */ = {isa = PBXFileReference; lastKnownFileType = sourcecode.swift; path = LandmarkList.swift; sourceTree = "<group>"; };
		DD4B4D17295E936C00A5D31D /* LandmarkDetail.swift */ = {isa = PBXFileReference; lastKnownFileType = sourcecode.swift; path = LandmarkDetail.swift; sourceTree = "<group>"; };
		DD4D2CEC2967752D0027B6BF /* FavoriteButton.swift */ = {isa = PBXFileReference; lastKnownFileType = sourcecode.swift; path = FavoriteButton.swift; sourceTree = "<group>"; };
		DD4D2CF029699D530027B6BF /* HexagonParameters.swift */ = {isa = PBXFileReference; lastKnownFileType = sourcecode.swift; path = HexagonParameters.swift; sourceTree = "<group>"; };
		DD4D2CF22969A0700027B6BF /* BadgeBackgroung.swift */ = {isa = PBXFileReference; lastKnownFileType = sourcecode.swift; path = BadgeBackgroung.swift; sourceTree = "<group>"; };
		DD4D2CF42969A8E80027B6BF /* BadgeSymbol.swift */ = {isa = PBXFileReference; lastKnownFileType = sourcecode.swift; path = BadgeSymbol.swift; sourceTree = "<group>"; };
		DD4D2CF62969A9FF0027B6BF /* RotatedBadgeSymbol.swift */ = {isa = PBXFileReference; lastKnownFileType = sourcecode.swift; path = RotatedBadgeSymbol.swift; sourceTree = "<group>"; };
		DD4D2CF82969AA7A0027B6BF /* Badge.swift */ = {isa = PBXFileReference; lastKnownFileType = sourcecode.swift; path = Badge.swift; sourceTree = "<group>"; };
		DD4D2CFB2969DA660027B6BF /* hikeData.json */ = {isa = PBXFileReference; fileEncoding = 4; lastKnownFileType = text.json; path = hikeData.json; sourceTree = "<group>"; };
		DD4D2CFE2969DA910027B6BF /* Hike.swift */ = {isa = PBXFileReference; lastKnownFileType = sourcecode.swift; path = Hike.swift; sourceTree = "<group>"; };
		DD7E96922977C5B700F152BD /* CategoryHome.swift */ = {isa = PBXFileReference; lastKnownFileType = sourcecode.swift; path = CategoryHome.swift; sourceTree = "<group>"; };
		DD7E96942977C78A00F152BD /* CategoryRow.swift */ = {isa = PBXFileReference; lastKnownFileType = sourcecode.swift; path = CategoryRow.swift; sourceTree = "<group>"; };
		DD7E96962977CA7D00F152BD /* CategoryItem.swift */ = {isa = PBXFileReference; lastKnownFileType = sourcecode.swift; path = CategoryItem.swift; sourceTree = "<group>"; };
		DD7E969A29787DBA00F152BD /* Profile.swift */ = {isa = PBXFileReference; lastKnownFileType = sourcecode.swift; path = Profile.swift; sourceTree = "<group>"; };
		DD7E969C29787F3700F152BD /* ProfileHost.swift */ = {isa = PBXFileReference; lastKnownFileType = sourcecode.swift; path = ProfileHost.swift; sourceTree = "<group>"; };
		DD7E96A029787F7C00F152BD /* ProfileSummary.swift */ = {isa = PBXFileReference; lastKnownFileType = sourcecode.swift; path = ProfileSummary.swift; sourceTree = "<group>"; };
		DD7E96A2297880AC00F152BD /* HikeBadge.swift */ = {isa = PBXFileReference; lastKnownFileType = sourcecode.swift; path = HikeBadge.swift; sourceTree = "<group>"; };
		DD976D1D298FDA6B00D233D8 /* InfoForCalendar.swift */ = {isa = PBXFileReference; lastKnownFileType = sourcecode.swift; path = InfoForCalendar.swift; sourceTree = "<group>"; };
		DDFE631429792DA400000509 /* PageControl.swift */ = {isa = PBXFileReference; lastKnownFileType = sourcecode.swift; path = PageControl.swift; sourceTree = "<group>"; };
		DDFE63982979326F00000509 /* Watch Landmarks Watch App.app */ = {isa = PBXFileReference; explicitFileType = wrapper.application; includeInIndex = 0; path = "Watch Landmarks Watch App.app"; sourceTree = BUILT_PRODUCTS_DIR; };
		DDFE639A2979326F00000509 /* Watch_LandmarksApp.swift */ = {isa = PBXFileReference; lastKnownFileType = sourcecode.swift; path = Watch_LandmarksApp.swift; sourceTree = "<group>"; };
		DDFE639E2979327000000509 /* Assets.xcassets */ = {isa = PBXFileReference; lastKnownFileType = folder.assetcatalog; path = Assets.xcassets; sourceTree = "<group>"; };
		DDFE63A12979327000000509 /* Preview Assets.xcassets */ = {isa = PBXFileReference; lastKnownFileType = folder.assetcatalog; path = "Preview Assets.xcassets"; sourceTree = "<group>"; };
		DDFE63E3297934D500000509 /* LandmarkDetail.swift */ = {isa = PBXFileReference; lastKnownFileType = sourcecode.swift; path = LandmarkDetail.swift; sourceTree = "<group>"; };
		DDFE63F2297937B300000509 /* GraphCapsule.swift */ = {isa = PBXFileReference; fileEncoding = 4; lastKnownFileType = sourcecode.swift; path = GraphCapsule.swift; sourceTree = "<group>"; };
		DDFE63F3297937B300000509 /* HikeGraph.swift */ = {isa = PBXFileReference; fileEncoding = 4; lastKnownFileType = sourcecode.swift; path = HikeGraph.swift; sourceTree = "<group>"; };
		DDFE63F4297937B300000509 /* HikeView.swift */ = {isa = PBXFileReference; fileEncoding = 4; lastKnownFileType = sourcecode.swift; path = HikeView.swift; sourceTree = "<group>"; };
		DDFE63F5297937B300000509 /* HikeDetail.swift */ = {isa = PBXFileReference; fileEncoding = 4; lastKnownFileType = sourcecode.swift; path = HikeDetail.swift; sourceTree = "<group>"; };
		DDFE640629793A6A00000509 /* ContentView.swift */ = {isa = PBXFileReference; lastKnownFileType = sourcecode.swift; path = ContentView.swift; sourceTree = "<group>"; };
		DDFE640829793D2100000509 /* NorificationView.swift */ = {isa = PBXFileReference; lastKnownFileType = sourcecode.swift; path = NorificationView.swift; sourceTree = "<group>"; };
		DDFE640A29793D7B00000509 /* NotificationController.swift */ = {isa = PBXFileReference; lastKnownFileType = sourcecode.swift; path = NotificationController.swift; sourceTree = "<group>"; };
		DDFE640C29793E8A00000509 /* PushNotificationPayload.apns */ = {isa = PBXFileReference; lastKnownFileType = text; path = PushNotificationPayload.apns; sourceTree = "<group>"; };
/* End PBXFileReference section */

/* Begin PBXFrameworksBuildPhase section */
		DD4B4CD5295B48CA00A5D31D /* Frameworks */ = {
			isa = PBXFrameworksBuildPhase;
			buildActionMask = 2147483647;
			files = (
			);
			runOnlyForDeploymentPostprocessing = 0;
		};
		DDFE63952979326F00000509 /* Frameworks */ = {
			isa = PBXFrameworksBuildPhase;
			buildActionMask = 2147483647;
			files = (
			);
			runOnlyForDeploymentPostprocessing = 0;
		};
/* End PBXFrameworksBuildPhase section */

/* Begin PBXGroup section */
		DD4B4CCF295B48CA00A5D31D = {
			isa = PBXGroup;
			children = (
				DD4B4CDA295B48CA00A5D31D /* Landmarks */,
				DDFE63992979326F00000509 /* Watch Landmarks Watch App */,
				DD4B4CD9295B48CA00A5D31D /* Products */,
			);
			sourceTree = "<group>";
		};
		DD4B4CD9295B48CA00A5D31D /* Products */ = {
			isa = PBXGroup;
			children = (
				DD4B4CD8295B48CA00A5D31D /* Landmarks.app */,
				DDFE63982979326F00000509 /* Watch Landmarks Watch App.app */,
			);
			name = Products;
			sourceTree = "<group>";
		};
		DD4B4CDA295B48CA00A5D31D /* Landmarks */ = {
			isa = PBXGroup;
			children = (
				DD4B4CDB295B48CA00A5D31D /* LandmarksApp.swift */,
				DD4B4D12295B836C00A5D31D /* Model */,
				DD4B4D10295B833C00A5D31D /* Views */,
				DD4B4CE2295B48CB00A5D31D /* Preview Content */,
				DDFE631329792A0B00000509 /* JSON */,
				DD4B4CDF295B48CB00A5D31D /* Assets.xcassets */,
				DD4B4CE1295B48CB00A5D31D /* Landmarks.entitlements */,
			);
			path = Landmarks;
			sourceTree = "<group>";
		};
		DD4B4CE2295B48CB00A5D31D /* Preview Content */ = {
			isa = PBXGroup;
			children = (
				DD4B4CE3295B48CB00A5D31D /* Preview Assets.xcassets */,
			);
			path = "Preview Content";
			sourceTree = "<group>";
		};
		DD4B4D10295B833C00A5D31D /* Views */ = {
			isa = PBXGroup;
			children = (
				DD4B4CDD295B48CA00A5D31D /* ContentView.swift */,
				DD7E969929787DA600F152BD /* Profile */,
				DDCBDDA5297928F1007BD6EB /* Pages */,
				DD4D2CEF2967760E0027B6BF /* Helpers */,
				DD4D2CFA2969ABEE0027B6BF /* Badge */,
				DD4D2CFD2969DA6E0027B6BF /* Hikes */,
				DD7E969829787D6000F152BD /* Category */,
				DD4D2CEE296775FF0027B6BF /* Landmarks */,
			);
			path = Views;
			sourceTree = "<group>";
		};
		DD4B4D12295B836C00A5D31D /* Model */ = {
			isa = PBXGroup;
			children = (
				DD4B4D0C295B6FB700A5D31D /* Landmark.swift */,
				DD4B4D0E295B80D200A5D31D /* Model_Data.swift */,
				DD4D2CFE2969DA910027B6BF /* Hike.swift */,
				DD7E969A29787DBA00F152BD /* Profile.swift */,
			);
			path = Model;
			sourceTree = "<group>";
		};
		DD4D2CEE296775FF0027B6BF /* Landmarks */ = {
			isa = PBXGroup;
			children = (
				DD4B4D13295E8E4A00A5D31D /* LandmarkRow.swift */,
				DD4B4D15295E91FF00A5D31D /* LandmarkList.swift */,
				DD4B4D17295E936C00A5D31D /* LandmarkDetail.swift */,
			);
			path = Landmarks;
			sourceTree = "<group>";
		};
		DD4D2CEF2967760E0027B6BF /* Helpers */ = {
			isa = PBXGroup;
			children = (
				DD4D2CEC2967752D0027B6BF /* FavoriteButton.swift */,
				DD4B4D08295B540900A5D31D /* MapView.swift */,
				DD4B4D06295B518700A5D31D /* CircleImage.swift */,
			);
			path = Helpers;
			sourceTree = "<group>";
		};
		DD4D2CFA2969ABEE0027B6BF /* Badge */ = {
			isa = PBXGroup;
			children = (
				DD4D2CF029699D530027B6BF /* HexagonParameters.swift */,
				DD4D2CF22969A0700027B6BF /* BadgeBackgroung.swift */,
				DD4D2CF42969A8E80027B6BF /* BadgeSymbol.swift */,
				DD4D2CF62969A9FF0027B6BF /* RotatedBadgeSymbol.swift */,
				DD4D2CF82969AA7A0027B6BF /* Badge.swift */,
			);
			path = Badge;
			sourceTree = "<group>";
		};
		DD4D2CFD2969DA6E0027B6BF /* Hikes */ = {
			isa = PBXGroup;
			children = (
				DDFE63F2297937B300000509 /* GraphCapsule.swift */,
				DDFE63F5297937B300000509 /* HikeDetail.swift */,
				DDFE63F3297937B300000509 /* HikeGraph.swift */,
				DDFE63F4297937B300000509 /* HikeView.swift */,
				DD7E96A2297880AC00F152BD /* HikeBadge.swift */,
			);
			path = Hikes;
			sourceTree = "<group>";
		};
		DD7E969829787D6000F152BD /* Category */ = {
			isa = PBXGroup;
			children = (
				DD7E96922977C5B700F152BD /* CategoryHome.swift */,
				DD7E96942977C78A00F152BD /* CategoryRow.swift */,
				DD7E96962977CA7D00F152BD /* CategoryItem.swift */,
			);
			path = Category;
			sourceTree = "<group>";
		};
		DD7E969929787DA600F152BD /* Profile */ = {
			isa = PBXGroup;
			children = (
				DD7E969C29787F3700F152BD /* ProfileHost.swift */,
				DD7E96A029787F7C00F152BD /* ProfileSummary.swift */,
				DD3EAAEA2978830A0077C29A /* ProfileEditor.swift */,
				DD976D1D298FDA6B00D233D8 /* InfoForCalendar.swift */,
			);
			path = Profile;
			sourceTree = "<group>";
		};
		DDCBDDA5297928F1007BD6EB /* Pages */ = {
			isa = PBXGroup;
			children = (
				DD3EAAEC297920850077C29A /* PageViewController.swift */,
				DD3EAAEE2979231C0077C29A /* FeatureCard.swift */,
				DD3EAAF0297925CE0077C29A /* PageView.swift */,
				DDFE631429792DA400000509 /* PageControl.swift */,
			);
			path = Pages;
			sourceTree = "<group>";
		};
		DDFE631329792A0B00000509 /* JSON */ = {
			isa = PBXGroup;
			children = (
				DD4B4D0A295B6F9000A5D31D /* landmarkData.json */,
				DD4D2CFB2969DA660027B6BF /* hikeData.json */,
			);
			path = JSON;
			sourceTree = "<group>";
		};
		DDFE63992979326F00000509 /* Watch Landmarks Watch App */ = {
			isa = PBXGroup;
			children = (
				DDFE639A2979326F00000509 /* Watch_LandmarksApp.swift */,
				DDFE63E3297934D500000509 /* LandmarkDetail.swift */,
				DDFE640629793A6A00000509 /* ContentView.swift */,
				DDFE639E2979327000000509 /* Assets.xcassets */,
				DDFE63A02979327000000509 /* Preview Content */,
				DDFE640829793D2100000509 /* NorificationView.swift */,
				DDFE640A29793D7B00000509 /* NotificationController.swift */,
				DDFE640C29793E8A00000509 /* PushNotificationPayload.apns */,
			);
			path = "Watch Landmarks Watch App";
			sourceTree = "<group>";
		};
		DDFE63A02979327000000509 /* Preview Content */ = {
			isa = PBXGroup;
			children = (
				DDFE63A12979327000000509 /* Preview Assets.xcassets */,
			);
			path = "Preview Content";
			sourceTree = "<group>";
		};
/* End PBXGroup section */

/* Begin PBXNativeTarget section */
		DD4B4CD7295B48CA00A5D31D /* Landmarks */ = {
			isa = PBXNativeTarget;
			buildConfigurationList = DD4B4CFD295B48CB00A5D31D /* Build configuration list for PBXNativeTarget "Landmarks" */;
			buildPhases = (
				DD4B4CD4295B48CA00A5D31D /* Sources */,
				DD4B4CD5295B48CA00A5D31D /* Frameworks */,
				DD4B4CD6295B48CA00A5D31D /* Resources */,
				DDFE63BF2979327100000509 /* Embed Watch Content */,
			);
			buildRules = (
			);
			dependencies = (
				DDFE63BA2979327100000509 /* PBXTargetDependency */,
			);
			name = Landmarks;
			productName = Landmarks;
			productReference = DD4B4CD8295B48CA00A5D31D /* Landmarks.app */;
			productType = "com.apple.product-type.application";
		};
		DDFE63972979326F00000509 /* Watch Landmarks Watch App */ = {
			isa = PBXNativeTarget;
			buildConfigurationList = DDFE63BC2979327100000509 /* Build configuration list for PBXNativeTarget "Watch Landmarks Watch App" */;
			buildPhases = (
				DDFE63942979326F00000509 /* Sources */,
				DDFE63952979326F00000509 /* Frameworks */,
				DDFE63962979326F00000509 /* Resources */,
				DDFE63D7297932B900000509 /* Embed ExtensionKit Extensions */,
			);
			buildRules = (
			);
			dependencies = (
			);
			name = "Watch Landmarks Watch App";
			productName = "Watch Landmarks Watch App";
			productReference = DDFE63982979326F00000509 /* Watch Landmarks Watch App.app */;
			productType = "com.apple.product-type.application";
		};
/* End PBXNativeTarget section */

/* Begin PBXProject section */
		DD4B4CD0295B48CA00A5D31D /* Project object */ = {
			isa = PBXProject;
			attributes = {
				BuildIndependentTargetsInParallel = 1;
				LastSwiftUpdateCheck = 1420;
				LastUpgradeCheck = 1420;
				TargetAttributes = {
					DD4B4CD7295B48CA00A5D31D = {
						CreatedOnToolsVersion = 14.2;
					};
					DDFE63972979326F00000509 = {
						CreatedOnToolsVersion = 14.2;
					};
				};
			};
			buildConfigurationList = DD4B4CD3295B48CA00A5D31D /* Build configuration list for PBXProject "Landmarks" */;
			compatibilityVersion = "Xcode 14.0";
			developmentRegion = en;
			hasScannedForEncodings = 0;
			knownRegions = (
				en,
				Base,
			);
			mainGroup = DD4B4CCF295B48CA00A5D31D;
			productRefGroup = DD4B4CD9295B48CA00A5D31D /* Products */;
			projectDirPath = "";
			projectRoot = "";
			targets = (
				DD4B4CD7295B48CA00A5D31D /* Landmarks */,
				DDFE63972979326F00000509 /* Watch Landmarks Watch App */,
			);
		};
/* End PBXProject section */

/* Begin PBXResourcesBuildPhase section */
		DD4B4CD6295B48CA00A5D31D /* Resources */ = {
			isa = PBXResourcesBuildPhase;
			buildActionMask = 2147483647;
			files = (
				DD4D2CFC2969DA660027B6BF /* hikeData.json in Resources */,
				DD4B4CE4295B48CB00A5D31D /* Preview Assets.xcassets in Resources */,
				DD4B4CE0295B48CB00A5D31D /* Assets.xcassets in Resources */,
				DD4B4D0B295B6F9000A5D31D /* landmarkData.json in Resources */,
			);
			runOnlyForDeploymentPostprocessing = 0;
		};
		DDFE63962979326F00000509 /* Resources */ = {
			isa = PBXResourcesBuildPhase;
			buildActionMask = 2147483647;
			files = (
				DDFE63A22979327000000509 /* Preview Assets.xcassets in Resources */,
				DDFE63FC2979387000000509 /* hikeData.json in Resources */,
				DDFE63FD2979387000000509 /* Assets.xcassets in Resources */,
				DDFE64042979387000000509 /* landmarkData.json in Resources */,
				DDFE639F2979327000000509 /* Assets.xcassets in Resources */,
			);
			runOnlyForDeploymentPostprocessing = 0;
		};
/* End PBXResourcesBuildPhase section */

/* Begin PBXSourcesBuildPhase section */
		DD4B4CD4295B48CA00A5D31D /* Sources */ = {
			isa = PBXSourcesBuildPhase;
			buildActionMask = 2147483647;
			files = (
				DDFE63F6297937B300000509 /* GraphCapsule.swift in Sources */,
				DD7E96952977C78A00F152BD /* CategoryRow.swift in Sources */,
				DD7E969B29787DBA00F152BD /* Profile.swift in Sources */,
				DD7E96932977C5B700F152BD /* CategoryHome.swift in Sources */,
				DD3EAAEF2979231C0077C29A /* FeatureCard.swift in Sources */,
				DD4B4CDE295B48CA00A5D31D /* ContentView.swift in Sources */,
				DD4D2CF92969AA7A0027B6BF /* Badge.swift in Sources */,
				DD4B4D09295B540900A5D31D /* MapView.swift in Sources */,
				DD4B4CDC295B48CA00A5D31D /* LandmarksApp.swift in Sources */,
				DDFE631529792DA400000509 /* PageControl.swift in Sources */,
				DD4D2CED2967752D0027B6BF /* FavoriteButton.swift in Sources */,
				DD7E96972977CA7D00F152BD /* CategoryItem.swift in Sources */,
				DD4D2CF129699D530027B6BF /* HexagonParameters.swift in Sources */,
				DDFE63F7297937B300000509 /* HikeGraph.swift in Sources */,
				DD7E96A129787F7C00F152BD /* ProfileSummary.swift in Sources */,
				DD4D2CFF2969DA910027B6BF /* Hike.swift in Sources */,
				DD7E969D29787F3700F152BD /* ProfileHost.swift in Sources */,
				DDFE63F8297937B300000509 /* HikeView.swift in Sources */,
				DD4D2CF72969A9FF0027B6BF /* RotatedBadgeSymbol.swift in Sources */,
				DD3EAAF1297925CE0077C29A /* PageView.swift in Sources */,
				DD4D2CF52969A8E80027B6BF /* BadgeSymbol.swift in Sources */,
				DD3EAAEB2978830A0077C29A /* ProfileEditor.swift in Sources */,
				DD4B4D16295E91FF00A5D31D /* LandmarkList.swift in Sources */,
				DD4D2CF32969A0700027B6BF /* BadgeBackgroung.swift in Sources */,
				DD4B4D18295E936C00A5D31D /* LandmarkDetail.swift in Sources */,
				DD976D1E298FDA6B00D233D8 /* InfoForCalendar.swift in Sources */,
				DD3EAAED297920850077C29A /* PageViewController.swift in Sources */,
				DD7E96A3297880AC00F152BD /* HikeBadge.swift in Sources */,
				DD4B4D07295B518700A5D31D /* CircleImage.swift in Sources */,
				DD4B4D0D295B6FB700A5D31D /* Landmark.swift in Sources */,
				DD4B4D14295E8E4A00A5D31D /* LandmarkRow.swift in Sources */,
				DD4B4D0F295B80D200A5D31D /* Model_Data.swift in Sources */,
				DDFE63F9297937B300000509 /* HikeDetail.swift in Sources */,
			);
			runOnlyForDeploymentPostprocessing = 0;
		};
		DDFE63942979326F00000509 /* Sources */ = {
			isa = PBXSourcesBuildPhase;
			buildActionMask = 2147483647;
			files = (
				DDFE64002979387000000509 /* Profile.swift in Sources */,
				DDFE63FF2979387000000509 /* LandmarksApp.swift in Sources */,
				DDFE640729793A6A00000509 /* ContentView.swift in Sources */,
				DDFE63FB2979387000000509 /* Model_Data.swift in Sources */,
				DDFE64032979387000000509 /* Hike.swift in Sources */,
				DDFE63FA2979387000000509 /* MapView.swift in Sources */,
				DDFE64012979387000000509 /* CircleImage.swift in Sources */,
				DDFE640929793D2100000509 /* NorificationView.swift in Sources */,
				DDFE64052979387000000509 /* LandmarkList.swift in Sources */,
				DDFE639B2979326F00000509 /* Watch_LandmarksApp.swift in Sources */,
				DDFE640B29793D7B00000509 /* NotificationController.swift in Sources */,
				DDFE63E4297934D500000509 /* LandmarkDetail.swift in Sources */,
				DDFE64022979387000000509 /* LandmarkRow.swift in Sources */,
				DDFE63FE2979387000000509 /* Landmark.swift in Sources */,
			);
			runOnlyForDeploymentPostprocessing = 0;
		};
/* End PBXSourcesBuildPhase section */

/* Begin PBXTargetDependency section */
		DDFE63BA2979327100000509 /* PBXTargetDependency */ = {
			isa = PBXTargetDependency;
			target = DDFE63972979326F00000509 /* Watch Landmarks Watch App */;
			targetProxy = DDFE63B92979327100000509 /* PBXContainerItemProxy */;
		};
/* End PBXTargetDependency section */

/* Begin XCBuildConfiguration section */
		DD4B4CFB295B48CB00A5D31D /* Debug */ = {
			isa = XCBuildConfiguration;
			buildSettings = {
				ALWAYS_SEARCH_USER_PATHS = NO;
				CLANG_ANALYZER_NONNULL = YES;
				CLANG_ANALYZER_NUMBER_OBJECT_CONVERSION = YES_AGGRESSIVE;
				CLANG_CXX_LANGUAGE_STANDARD = "gnu++20";
				CLANG_ENABLE_MODULES = YES;
				CLANG_ENABLE_OBJC_ARC = YES;
				CLANG_ENABLE_OBJC_WEAK = YES;
				CLANG_WARN_BLOCK_CAPTURE_AUTORELEASING = YES;
				CLANG_WARN_BOOL_CONVERSION = YES;
				CLANG_WARN_COMMA = YES;
				CLANG_WARN_CONSTANT_CONVERSION = YES;
				CLANG_WARN_DEPRECATED_OBJC_IMPLEMENTATIONS = YES;
				CLANG_WARN_DIRECT_OBJC_ISA_USAGE = YES_ERROR;
				CLANG_WARN_DOCUMENTATION_COMMENTS = YES;
				CLANG_WARN_EMPTY_BODY = YES;
				CLANG_WARN_ENUM_CONVERSION = YES;
				CLANG_WARN_INFINITE_RECURSION = YES;
				CLANG_WARN_INT_CONVERSION = YES;
				CLANG_WARN_NON_LITERAL_NULL_CONVERSION = YES;
				CLANG_WARN_OBJC_IMPLICIT_RETAIN_SELF = YES;
				CLANG_WARN_OBJC_LITERAL_CONVERSION = YES;
				CLANG_WARN_OBJC_ROOT_CLASS = YES_ERROR;
				CLANG_WARN_QUOTED_INCLUDE_IN_FRAMEWORK_HEADER = YES;
				CLANG_WARN_RANGE_LOOP_ANALYSIS = YES;
				CLANG_WARN_STRICT_PROTOTYPES = YES;
				CLANG_WARN_SUSPICIOUS_MOVE = YES;
				CLANG_WARN_UNGUARDED_AVAILABILITY = YES_AGGRESSIVE;
				CLANG_WARN_UNREACHABLE_CODE = YES;
				CLANG_WARN__DUPLICATE_METHOD_MATCH = YES;
				COPY_PHASE_STRIP = NO;
				DEBUG_INFORMATION_FORMAT = dwarf;
				ENABLE_STRICT_OBJC_MSGSEND = YES;
				ENABLE_TESTABILITY = YES;
				GCC_C_LANGUAGE_STANDARD = gnu11;
				GCC_DYNAMIC_NO_PIC = NO;
				GCC_NO_COMMON_BLOCKS = YES;
				GCC_OPTIMIZATION_LEVEL = 0;
				GCC_PREPROCESSOR_DEFINITIONS = (
					"DEBUG=1",
					"$(inherited)",
				);
				GCC_WARN_64_TO_32_BIT_CONVERSION = YES;
				GCC_WARN_ABOUT_RETURN_TYPE = YES_ERROR;
				GCC_WARN_UNDECLARED_SELECTOR = YES;
				GCC_WARN_UNINITIALIZED_AUTOS = YES_AGGRESSIVE;
				GCC_WARN_UNUSED_FUNCTION = YES;
				GCC_WARN_UNUSED_VARIABLE = YES;
				MTL_ENABLE_DEBUG_INFO = INCLUDE_SOURCE;
				MTL_FAST_MATH = YES;
				ONLY_ACTIVE_ARCH = YES;
				SWIFT_ACTIVE_COMPILATION_CONDITIONS = DEBUG;
				SWIFT_OPTIMIZATION_LEVEL = "-Onone";
			};
			name = Debug;
		};
		DD4B4CFC295B48CB00A5D31D /* Release */ = {
			isa = XCBuildConfiguration;
			buildSettings = {
				ALWAYS_SEARCH_USER_PATHS = NO;
				CLANG_ANALYZER_NONNULL = YES;
				CLANG_ANALYZER_NUMBER_OBJECT_CONVERSION = YES_AGGRESSIVE;
				CLANG_CXX_LANGUAGE_STANDARD = "gnu++20";
				CLANG_ENABLE_MODULES = YES;
				CLANG_ENABLE_OBJC_ARC = YES;
				CLANG_ENABLE_OBJC_WEAK = YES;
				CLANG_WARN_BLOCK_CAPTURE_AUTORELEASING = YES;
				CLANG_WARN_BOOL_CONVERSION = YES;
				CLANG_WARN_COMMA = YES;
				CLANG_WARN_CONSTANT_CONVERSION = YES;
				CLANG_WARN_DEPRECATED_OBJC_IMPLEMENTATIONS = YES;
				CLANG_WARN_DIRECT_OBJC_ISA_USAGE = YES_ERROR;
				CLANG_WARN_DOCUMENTATION_COMMENTS = YES;
				CLANG_WARN_EMPTY_BODY = YES;
				CLANG_WARN_ENUM_CONVERSION = YES;
				CLANG_WARN_INFINITE_RECURSION = YES;
				CLANG_WARN_INT_CONVERSION = YES;
				CLANG_WARN_NON_LITERAL_NULL_CONVERSION = YES;
				CLANG_WARN_OBJC_IMPLICIT_RETAIN_SELF = YES;
				CLANG_WARN_OBJC_LITERAL_CONVERSION = YES;
				CLANG_WARN_OBJC_ROOT_CLASS = YES_ERROR;
				CLANG_WARN_QUOTED_INCLUDE_IN_FRAMEWORK_HEADER = YES;
				CLANG_WARN_RANGE_LOOP_ANALYSIS = YES;
				CLANG_WARN_STRICT_PROTOTYPES = YES;
				CLANG_WARN_SUSPICIOUS_MOVE = YES;
				CLANG_WARN_UNGUARDED_AVAILABILITY = YES_AGGRESSIVE;
				CLANG_WARN_UNREACHABLE_CODE = YES;
				CLANG_WARN__DUPLICATE_METHOD_MATCH = YES;
				COPY_PHASE_STRIP = NO;
				DEBUG_INFORMATION_FORMAT = "dwarf-with-dsym";
				ENABLE_NS_ASSERTIONS = NO;
				ENABLE_STRICT_OBJC_MSGSEND = YES;
				GCC_C_LANGUAGE_STANDARD = gnu11;
				GCC_NO_COMMON_BLOCKS = YES;
				GCC_WARN_64_TO_32_BIT_CONVERSION = YES;
				GCC_WARN_ABOUT_RETURN_TYPE = YES_ERROR;
				GCC_WARN_UNDECLARED_SELECTOR = YES;
				GCC_WARN_UNINITIALIZED_AUTOS = YES_AGGRESSIVE;
				GCC_WARN_UNUSED_FUNCTION = YES;
				GCC_WARN_UNUSED_VARIABLE = YES;
				MTL_ENABLE_DEBUG_INFO = NO;
				MTL_FAST_MATH = YES;
				SWIFT_COMPILATION_MODE = wholemodule;
				SWIFT_OPTIMIZATION_LEVEL = "-O";
			};
			name = Release;
		};
		DD4B4CFE295B48CB00A5D31D /* Debug */ = {
			isa = XCBuildConfiguration;
			buildSettings = {
				ALWAYS_EMBED_SWIFT_STANDARD_LIBRARIES = YES;
				ASSETCATALOG_COMPILER_APPICON_NAME = AppIcon;
				ASSETCATALOG_COMPILER_GLOBAL_ACCENT_COLOR_NAME = AccentColor;
				CODE_SIGN_ENTITLEMENTS = Landmarks/Landmarks.entitlements;
				CODE_SIGN_STYLE = Automatic;
				CURRENT_PROJECT_VERSION = 1;
				DEVELOPMENT_ASSET_PATHS = "\"Landmarks/Preview Content\"";
				DEVELOPMENT_TEAM = 24DCQ627H6;
				ENABLE_PREVIEWS = YES;
				GENERATE_INFOPLIST_FILE = YES;
				"INFOPLIST_KEY_UIApplicationSceneManifest_Generation[sdk=iphoneos*]" = YES;
				"INFOPLIST_KEY_UIApplicationSceneManifest_Generation[sdk=iphonesimulator*]" = YES;
				"INFOPLIST_KEY_UIApplicationSupportsIndirectInputEvents[sdk=iphoneos*]" = YES;
				"INFOPLIST_KEY_UIApplicationSupportsIndirectInputEvents[sdk=iphonesimulator*]" = YES;
				"INFOPLIST_KEY_UILaunchScreen_Generation[sdk=iphoneos*]" = YES;
				"INFOPLIST_KEY_UILaunchScreen_Generation[sdk=iphonesimulator*]" = YES;
				"INFOPLIST_KEY_UIStatusBarStyle[sdk=iphoneos*]" = UIStatusBarStyleDefault;
				"INFOPLIST_KEY_UIStatusBarStyle[sdk=iphonesimulator*]" = UIStatusBarStyleDefault;
				INFOPLIST_KEY_UISupportedInterfaceOrientations_iPad = "UIInterfaceOrientationPortrait UIInterfaceOrientationPortraitUpsideDown UIInterfaceOrientationLandscapeLeft UIInterfaceOrientationLandscapeRight";
				INFOPLIST_KEY_UISupportedInterfaceOrientations_iPhone = "UIInterfaceOrientationPortrait UIInterfaceOrientationLandscapeLeft UIInterfaceOrientationLandscapeRight";
				IPHONEOS_DEPLOYMENT_TARGET = 16.2;
				LD_RUNPATH_SEARCH_PATHS = "@executable_path/Frameworks";
				"LD_RUNPATH_SEARCH_PATHS[sdk=macosx*]" = "@executable_path/../Frameworks";
				MACOSX_DEPLOYMENT_TARGET = 13.1;
				MARKETING_VERSION = 1.0;
				PRODUCT_BUNDLE_IDENTIFIER = ym.Landmarks;
				PRODUCT_NAME = "$(TARGET_NAME)";
				SDKROOT = auto;
				SUPPORTED_PLATFORMS = "iphoneos iphonesimulator macosx";
				SWIFT_EMIT_LOC_STRINGS = YES;
				SWIFT_VERSION = 5.0;
				TARGETED_DEVICE_FAMILY = "1,2";
			};
			name = Debug;
		};
		DD4B4CFF295B48CB00A5D31D /* Release */ = {
			isa = XCBuildConfiguration;
			buildSettings = {
				ALWAYS_EMBED_SWIFT_STANDARD_LIBRARIES = YES;
				ASSETCATALOG_COMPILER_APPICON_NAME = AppIcon;
				ASSETCATALOG_COMPILER_GLOBAL_ACCENT_COLOR_NAME = AccentColor;
				CODE_SIGN_ENTITLEMENTS = Landmarks/Landmarks.entitlements;
				CODE_SIGN_STYLE = Automatic;
				CURRENT_PROJECT_VERSION = 1;
				DEVELOPMENT_ASSET_PATHS = "\"Landmarks/Preview Content\"";
				DEVELOPMENT_TEAM = 24DCQ627H6;
				ENABLE_PREVIEWS = YES;
				GENERATE_INFOPLIST_FILE = YES;
				"INFOPLIST_KEY_UIApplicationSceneManifest_Generation[sdk=iphoneos*]" = YES;
				"INFOPLIST_KEY_UIApplicationSceneManifest_Generation[sdk=iphonesimulator*]" = YES;
				"INFOPLIST_KEY_UIApplicationSupportsIndirectInputEvents[sdk=iphoneos*]" = YES;
				"INFOPLIST_KEY_UIApplicationSupportsIndirectInputEvents[sdk=iphonesimulator*]" = YES;
				"INFOPLIST_KEY_UILaunchScreen_Generation[sdk=iphoneos*]" = YES;
				"INFOPLIST_KEY_UILaunchScreen_Generation[sdk=iphonesimulator*]" = YES;
				"INFOPLIST_KEY_UIStatusBarStyle[sdk=iphoneos*]" = UIStatusBarStyleDefault;
				"INFOPLIST_KEY_UIStatusBarStyle[sdk=iphonesimulator*]" = UIStatusBarStyleDefault;
				INFOPLIST_KEY_UISupportedInterfaceOrientations_iPad = "UIInterfaceOrientationPortrait UIInterfaceOrientationPortraitUpsideDown UIInterfaceOrientationLandscapeLeft UIInterfaceOrientationLandscapeRight";
				INFOPLIST_KEY_UISupportedInterfaceOrientations_iPhone = "UIInterfaceOrientationPortrait UIInterfaceOrientationLandscapeLeft UIInterfaceOrientationLandscapeRight";
				IPHONEOS_DEPLOYMENT_TARGET = 16.2;
				LD_RUNPATH_SEARCH_PATHS = "@executable_path/Frameworks";
				"LD_RUNPATH_SEARCH_PATHS[sdk=macosx*]" = "@executable_path/../Frameworks";
				MACOSX_DEPLOYMENT_TARGET = 13.1;
				MARKETING_VERSION = 1.0;
				PRODUCT_BUNDLE_IDENTIFIER = ym.Landmarks;
				PRODUCT_NAME = "$(TARGET_NAME)";
				SDKROOT = auto;
				SUPPORTED_PLATFORMS = "iphoneos iphonesimulator macosx";
				SWIFT_EMIT_LOC_STRINGS = YES;
				SWIFT_VERSION = 5.0;
				TARGETED_DEVICE_FAMILY = "1,2";
			};
			name = Release;
		};
		DDFE63BD2979327100000509 /* Debug */ = {
			isa = XCBuildConfiguration;
			buildSettings = {
				ALWAYS_EMBED_SWIFT_STANDARD_LIBRARIES = YES;
				ASSETCATALOG_COMPILER_APPICON_NAME = AppIcon;
				ASSETCATALOG_COMPILER_GLOBAL_ACCENT_COLOR_NAME = AccentColor;
				CODE_SIGN_STYLE = Automatic;
				CURRENT_PROJECT_VERSION = 1;
				DEVELOPMENT_ASSET_PATHS = "\"Watch Landmarks Watch App/Preview Content\"";
				DEVELOPMENT_TEAM = 24DCQ627H6;
				ENABLE_PREVIEWS = YES;
				GENERATE_INFOPLIST_FILE = YES;
				INFOPLIST_KEY_CFBundleDisplayName = "Watch Landmarks";
				INFOPLIST_KEY_UISupportedInterfaceOrientations = "UIInterfaceOrientationPortrait UIInterfaceOrientationPortraitUpsideDown";
				INFOPLIST_KEY_WKCompanionAppBundleIdentifier = ym.Landmarks;
				INFOPLIST_KEY_WKRunsIndependentlyOfCompanionApp = YES;
				LD_RUNPATH_SEARCH_PATHS = (
					"$(inherited)",
					"@executable_path/Frameworks",
				);
				MARKETING_VERSION = 1.0;
				PRODUCT_BUNDLE_IDENTIFIER = ym.Landmarks.watchkitapp;
				PRODUCT_NAME = "$(TARGET_NAME)";
				SDKROOT = watchos;
				SKIP_INSTALL = YES;
				SWIFT_EMIT_LOC_STRINGS = YES;
				SWIFT_VERSION = 5.0;
				TARGETED_DEVICE_FAMILY = 4;
				WATCHOS_DEPLOYMENT_TARGET = 9.1;
			};
			name = Debug;
		};
		DDFE63BE2979327100000509 /* Release */ = {
			isa = XCBuildConfiguration;
			buildSettings = {
				ALWAYS_EMBED_SWIFT_STANDARD_LIBRARIES = YES;
				ASSETCATALOG_COMPILER_APPICON_NAME = AppIcon;
				ASSETCATALOG_COMPILER_GLOBAL_ACCENT_COLOR_NAME = AccentColor;
				CODE_SIGN_STYLE = Automatic;
				CURRENT_PROJECT_VERSION = 1;
				DEVELOPMENT_ASSET_PATHS = "\"Watch Landmarks Watch App/Preview Content\"";
				DEVELOPMENT_TEAM = 24DCQ627H6;
				ENABLE_PREVIEWS = YES;
				GENERATE_INFOPLIST_FILE = YES;
				INFOPLIST_KEY_CFBundleDisplayName = "Watch Landmarks";
				INFOPLIST_KEY_UISupportedInterfaceOrientations = "UIInterfaceOrientationPortrait UIInterfaceOrientationPortraitUpsideDown";
				INFOPLIST_KEY_WKCompanionAppBundleIdentifier = ym.Landmarks;
				INFOPLIST_KEY_WKRunsIndependentlyOfCompanionApp = YES;
				LD_RUNPATH_SEARCH_PATHS = (
					"$(inherited)",
					"@executable_path/Frameworks",
				);
				MARKETING_VERSION = 1.0;
				PRODUCT_BUNDLE_IDENTIFIER = ym.Landmarks.watchkitapp;
				PRODUCT_NAME = "$(TARGET_NAME)";
				SDKROOT = watchos;
				SKIP_INSTALL = YES;
				SWIFT_EMIT_LOC_STRINGS = YES;
				SWIFT_VERSION = 5.0;
				TARGETED_DEVICE_FAMILY = 4;
				VALIDATE_PRODUCT = YES;
				WATCHOS_DEPLOYMENT_TARGET = 9.1;
			};
			name = Release;
		};
/* End XCBuildConfiguration section */

/* Begin XCConfigurationList section */
		DD4B4CD3295B48CA00A5D31D /* Build configuration list for PBXProject "Landmarks" */ = {
			isa = XCConfigurationList;
			buildConfigurations = (
				DD4B4CFB295B48CB00A5D31D /* Debug */,
				DD4B4CFC295B48CB00A5D31D /* Release */,
			);
			defaultConfigurationIsVisible = 0;
			defaultConfigurationName = Release;
		};
		DD4B4CFD295B48CB00A5D31D /* Build configuration list for PBXNativeTarget "Landmarks" */ = {
			isa = XCConfigurationList;
			buildConfigurations = (
				DD4B4CFE295B48CB00A5D31D /* Debug */,
				DD4B4CFF295B48CB00A5D31D /* Release */,
			);
			defaultConfigurationIsVisible = 0;
			defaultConfigurationName = Release;
		};
		DDFE63BC2979327100000509 /* Build configuration list for PBXNativeTarget "Watch Landmarks Watch App" */ = {
			isa = XCConfigurationList;
			buildConfigurations = (
				DDFE63BD2979327100000509 /* Debug */,
				DDFE63BE2979327100000509 /* Release */,
			);
			defaultConfigurationIsVisible = 0;
			defaultConfigurationName = Release;
		};
/* End XCConfigurationList section */
	};
	rootObject = DD4B4CD0295B48CA00A5D31D /* Project object */;
}
